
Microsoft Visual Studio Solution File, Format Version 12.00
# Visual Studio Version 16
VisualStudioVersion = 16.0.31402.337
MinimumVisualStudioVersion = 10.0.40219.1
Project("{9A19103F-16F7-4668-BE54-9A1E7A4F7556}") = "WinKeyLocker", "WinKeyLocker\WinKeyLocker.csproj", "{C2C5FF93-2D02-4721-B3FD-FFC099B99036}"
EndProject
Global
	GlobalSection(SolutionConfigurationPlatforms) = preSolution
		Debug|Any CPU = Debug|Any CPU
		Release|Any CPU = Release|Any CPU
	EndGlobalSection
	GlobalSection(ProjectConfigurationPlatforms) = postSolution
		{C2C5FF93-2D02-4721-B3FD-FFC099B99036}.Debug|Any CPU.ActiveCfg = Debug|Any CPU
		{C2C5FF93-2D02-4721-B3FD-FFC099B99036}.Debug|Any CPU.Build.0 = Debug|Any CPU
		{C2C5FF93-2D02-4721-B3FD-FFC099B99036}.Release|Any CPU.ActiveCfg = Release|Any CPU
		{C2C5FF93-2D02-4721-B3FD-FFC099B99036}.Release|Any CPU.Build.0 = Release|Any CPU
	EndGlobalSection
	GlobalSection(SolutionProperties) = preSolution
		HideSolutionNode = FALSE
	EndGlobalSection
	GlobalSection(ExtensibilityGlobals) = postSolution
		SolutionGuid = {7DCBD580-A245-403F-89BF-506B2EA8C537}
	EndGlobalSection
EndGlobal
